
Microsoft Visual Studio Solution File, Format Version 12.00
# Visual Studio 2013
VisualStudioVersion = 12.0.40629.0
MinimumVisualStudioVersion = 10.0.40219.1
Project("{FAE04EC0-301F-11D3-BF4B-00C04F79EFBC}") = "UnicodeHelper", "UnicodeHelper\UnicodeHelper.csproj", "{D2D1EE72-EF47-4DC2-B2F1-B6822843CD20}"
EndProject
Project("{FAE04EC0-301F-11D3-BF4B-00C04F79EFBC}") = "UnicodeHelperDemo", "UnicodeHelperDemo\UnicodeHelperDemo.csproj", "{4019FEAC-3917-45FE-A192-3B9CA0023401}"
EndProject
Global
	GlobalSection(SolutionConfigurationPlatforms) = preSolution
		Debug|Any CPU = Debug|Any CPU
		Release|Any CPU = Release|Any CPU
	EndGlobalSection
	GlobalSection(ProjectConfigurationPlatforms) = postSolution
		{D2D1EE72-EF47-4DC2-B2F1-B6822843CD20}.Debug|Any CPU.ActiveCfg = Debug|Any CPU
		{D2D1EE72-EF47-4DC2-B2F1-B6822843CD20}.Debug|Any CPU.Build.0 = Debug|Any CPU
		{D2D1EE72-EF47-4DC2-B2F1-B6822843CD20}.Release|Any CPU.ActiveCfg = Release|Any CPU
		{D2D1EE72-EF47-4DC2-B2F1-B6822843CD20}.Release|Any CPU.Build.0 = Release|Any CPU
		{4019FEAC-3917-45FE-A192-3B9CA0023401}.Debug|Any CPU.ActiveCfg = Debug|Any CPU
		{4019FEAC-3917-45FE-A192-3B9CA0023401}.Debug|Any CPU.Build.0 = Debug|Any CPU
		{4019FEAC-3917-45FE-A192-3B9CA0023401}.Release|Any CPU.ActiveCfg = Release|Any CPU
		{4019FEAC-3917-45FE-A192-3B9CA0023401}.Release|Any CPU.Build.0 = Release|Any CPU
	EndGlobalSection
	GlobalSection(SolutionProperties) = preSolution
		HideSolutionNode = FALSE
	EndGlobalSection
EndGlobal
